
Microsoft Visual Studio Solution File, Format Version 12.00
# Visual Studio Version 16
VisualStudioVersion = 16.0.31729.503
MinimumVisualStudioVersion = 10.0.40219.1
Project("{FAE04EC0-301F-11D3-BF4B-00C04F79EFBC}") = "Sistema", "Sistema.csproj", "{2ED58D9A-3BBF-48EC-BC67-1729ECCA0180}"
EndProject
Project("{FAE04EC0-301F-11D3-BF4B-00C04F79EFBC}") = "API", "..\API\API.csproj", "{0B14A46F-2A39-475E-AB6A-F5C59F3E9CB0}"
EndProject
Global
	GlobalSection(SolutionConfigurationPlatforms) = preSolution
		Debug|Any CPU = Debug|Any CPU
		Release|Any CPU = Release|Any CPU
	EndGlobalSection
	GlobalSection(ProjectConfigurationPlatforms) = postSolution
		{2ED58D9A-3BBF-48EC-BC67-1729ECCA0180}.Debug|Any CPU.ActiveCfg = Debug|Any CPU
		{2ED58D9A-3BBF-48EC-BC67-1729ECCA0180}.Debug|Any CPU.Build.0 = Debug|Any CPU
		{2ED58D9A-3BBF-48EC-BC67-1729ECCA0180}.Release|Any CPU.ActiveCfg = Release|Any CPU
		{2ED58D9A-3BBF-48EC-BC67-1729ECCA0180}.Release|Any CPU.Build.0 = Release|Any CPU
		{0B14A46F-2A39-475E-AB6A-F5C59F3E9CB0}.Debug|Any CPU.ActiveCfg = Debug|Any CPU
		{0B14A46F-2A39-475E-AB6A-F5C59F3E9CB0}.Debug|Any CPU.Build.0 = Debug|Any CPU
		{0B14A46F-2A39-475E-AB6A-F5C59F3E9CB0}.Release|Any CPU.ActiveCfg = Release|Any CPU
		{0B14A46F-2A39-475E-AB6A-F5C59F3E9CB0}.Release|Any CPU.Build.0 = Release|Any CPU
	EndGlobalSection
	GlobalSection(SolutionProperties) = preSolution
		HideSolutionNode = FALSE
	EndGlobalSection
	GlobalSection(ExtensibilityGlobals) = postSolution
		SolutionGuid = {D14E3BCC-C535-4FC6-BCD6-5CB07DE07A69}
	EndGlobalSection
EndGlobal
